
Microsoft Visual Studio Solution File, Format Version 12.00
# Visual Studio Version 16
VisualStudioVersion = 16.0.29306.81
MinimumVisualStudioVersion = 10.0.40219.1
Project("{FAE04EC0-301F-11D3-BF4B-00C04F79EFBC}") = "WaarBenIk", "WaarBenIk\WaarBenIk.csproj", "{E7396415-6DAA-461A-88FB-8C20B747906D}"
EndProject
Global
	GlobalSection(SolutionConfigurationPlatforms) = preSolution
		Debug|Any CPU = Debug|Any CPU
		Release|Any CPU = Release|Any CPU
	EndGlobalSection
	GlobalSection(ProjectConfigurationPlatforms) = postSolution
		{E7396415-6DAA-461A-88FB-8C20B747906D}.Debug|Any CPU.ActiveCfg = Debug|Any CPU
		{E7396415-6DAA-461A-88FB-8C20B747906D}.Debug|Any CPU.Build.0 = Debug|Any CPU
		{E7396415-6DAA-461A-88FB-8C20B747906D}.Release|Any CPU.ActiveCfg = Release|Any CPU
		{E7396415-6DAA-461A-88FB-8C20B747906D}.Release|Any CPU.Build.0 = Release|Any CPU
	EndGlobalSection
	GlobalSection(SolutionProperties) = preSolution
		HideSolutionNode = FALSE
	EndGlobalSection
	GlobalSection(ExtensibilityGlobals) = postSolution
		SolutionGuid = {21AED451-23DF-4038-8BF4-F9A9AE9CAD00}
	EndGlobalSection
EndGlobal
