
Microsoft Visual Studio Solution File, Format Version 12.00
# Visual Studio Version 16
VisualStudioVersion = 16.0.29306.81
MinimumVisualStudioVersion = 10.0.40219.1
Project("{FAE04EC0-301F-11D3-BF4B-00C04F79EFBC}") = "Welkom", "Welkom\Welkom.csproj", "{747D3E28-936D-44D5-BAE9-2520F70FA0ED}"
EndProject
Global
	GlobalSection(SolutionConfigurationPlatforms) = preSolution
		Debug|Any CPU = Debug|Any CPU
		Release|Any CPU = Release|Any CPU
	EndGlobalSection
	GlobalSection(ProjectConfigurationPlatforms) = postSolution
		{747D3E28-936D-44D5-BAE9-2520F70FA0ED}.Debug|Any CPU.ActiveCfg = Debug|Any CPU
		{747D3E28-936D-44D5-BAE9-2520F70FA0ED}.Debug|Any CPU.Build.0 = Debug|Any CPU
		{747D3E28-936D-44D5-BAE9-2520F70FA0ED}.Release|Any CPU.ActiveCfg = Release|Any CPU
		{747D3E28-936D-44D5-BAE9-2520F70FA0ED}.Release|Any CPU.Build.0 = Release|Any CPU
	EndGlobalSection
	GlobalSection(SolutionProperties) = preSolution
		HideSolutionNode = FALSE
	EndGlobalSection
	GlobalSection(ExtensibilityGlobals) = postSolution
		SolutionGuid = {7B09CAFA-7114-40CE-8E03-EE390C19DC00}
	EndGlobalSection
EndGlobal
