
Microsoft Visual Studio Solution File, Format Version 12.00
# Visual Studio Version 16
VisualStudioVersion = 16.0.29306.81
MinimumVisualStudioVersion = 10.0.40219.1
Project("{FAE04EC0-301F-11D3-BF4B-00C04F79EFBC}") = "Oppervlakte", "Oppervlakte\Oppervlakte.csproj", "{8566513F-8126-4C0E-A278-3794132CE57E}"
EndProject
Global
	GlobalSection(SolutionConfigurationPlatforms) = preSolution
		Debug|Any CPU = Debug|Any CPU
		Release|Any CPU = Release|Any CPU
	EndGlobalSection
	GlobalSection(ProjectConfigurationPlatforms) = postSolution
		{8566513F-8126-4C0E-A278-3794132CE57E}.Debug|Any CPU.ActiveCfg = Debug|Any CPU
		{8566513F-8126-4C0E-A278-3794132CE57E}.Debug|Any CPU.Build.0 = Debug|Any CPU
		{8566513F-8126-4C0E-A278-3794132CE57E}.Release|Any CPU.ActiveCfg = Release|Any CPU
		{8566513F-8126-4C0E-A278-3794132CE57E}.Release|Any CPU.Build.0 = Release|Any CPU
	EndGlobalSection
	GlobalSection(SolutionProperties) = preSolution
		HideSolutionNode = FALSE
	EndGlobalSection
	GlobalSection(ExtensibilityGlobals) = postSolution
		SolutionGuid = {004B882D-61C4-4CCA-A50A-8124EE096978}
	EndGlobalSection
EndGlobal
