
Microsoft Visual Studio Solution File, Format Version 12.00
# Visual Studio Version 16
VisualStudioVersion = 16.0.29306.81
MinimumVisualStudioVersion = 10.0.40219.1
Project("{FAE04EC0-301F-11D3-BF4B-00C04F79EFBC}") = "teksten", "teksten\teksten.csproj", "{30C4DD0F-DADC-46E9-9626-3363CE12CFAE}"
EndProject
Global
	GlobalSection(SolutionConfigurationPlatforms) = preSolution
		Debug|Any CPU = Debug|Any CPU
		Release|Any CPU = Release|Any CPU
	EndGlobalSection
	GlobalSection(ProjectConfigurationPlatforms) = postSolution
		{30C4DD0F-DADC-46E9-9626-3363CE12CFAE}.Debug|Any CPU.ActiveCfg = Debug|Any CPU
		{30C4DD0F-DADC-46E9-9626-3363CE12CFAE}.Debug|Any CPU.Build.0 = Debug|Any CPU
		{30C4DD0F-DADC-46E9-9626-3363CE12CFAE}.Release|Any CPU.ActiveCfg = Release|Any CPU
		{30C4DD0F-DADC-46E9-9626-3363CE12CFAE}.Release|Any CPU.Build.0 = Release|Any CPU
	EndGlobalSection
	GlobalSection(SolutionProperties) = preSolution
		HideSolutionNode = FALSE
	EndGlobalSection
	GlobalSection(ExtensibilityGlobals) = postSolution
		SolutionGuid = {EF6A2BBE-C084-4153-A62D-983D8A17ABC6}
	EndGlobalSection
EndGlobal
